// !$*UTF8*$!
{
	archiveVersion = 1;
	classes = {
	};
	objectVersion = 55;
	objects = {

/* Begin PBXBuildFile section */
		0A26FC5128CA5B1400C43495 /* AppDelegate.swift in Sources */ = {isa = PBXBuildFile; fileRef = 0A26FC5028CA5B1400C43495 /* AppDelegate.swift */; };
		0A26FC5328CA5B1400C43495 /* SceneDelegate.swift in Sources */ = {isa = PBXBuildFile; fileRef = 0A26FC5228CA5B1400C43495 /* SceneDelegate.swift */; };
		0A26FC5528CA5B1400C43495 /* ViewController.swift in Sources */ = {isa = PBXBuildFile; fileRef = 0A26FC5428CA5B1400C43495 /* ViewController.swift */; };
		0A26FC5828CA5B1400C43495 /* Main.storyboard in Resources */ = {isa = PBXBuildFile; fileRef = 0A26FC5628CA5B1400C43495 /* Main.storyboard */; };
		0A26FC5A28CA5B1500C43495 /* Assets.xcassets in Resources */ = {isa = PBXBuildFile; fileRef = 0A26FC5928CA5B1500C43495 /* Assets.xcassets */; };
		0A26FC5D28CA5B1500C43495 /* LaunchScreen.storyboard in Resources */ = {isa = PBXBuildFile; fileRef = 0A26FC5B28CA5B1500C43495 /* LaunchScreen.storyboard */; };
		0A26FC6528CA5DCD00C43495 /* KisiHucreTableViewCell.swift in Sources */ = {isa = PBXBuildFile; fileRef = 0A26FC6428CA5DCD00C43495 /* KisiHucreTableViewCell.swift */; };
		0A43732928D0DDF200130AFD /* KisiEkleViewController.swift in Sources */ = {isa = PBXBuildFile; fileRef = 0A43732828D0DDF100130AFD /* KisiEkleViewController.swift */; };
		0A43732B28D0DE2000130AFD /* KisiGuncelleViewController.swift in Sources */ = {isa = PBXBuildFile; fileRef = 0A43732A28D0DE2000130AFD /* KisiGuncelleViewController.swift */; };
		0A43732D28D0DEA300130AFD /* KisiDetayViewController.swift in Sources */ = {isa = PBXBuildFile; fileRef = 0A43732C28D0DEA300130AFD /* KisiDetayViewController.swift */; };
/* End PBXBuildFile section */

/* Begin PBXFileReference section */
		0A26FC4D28CA5B1400C43495 /* Kisiler Uygulama.app */ = {isa = PBXFileReference; explicitFileType = wrapper.application; includeInIndex = 0; path = "Kisiler Uygulama.app"; sourceTree = BUILT_PRODUCTS_DIR; };
		0A26FC5028CA5B1400C43495 /* AppDelegate.swift */ = {isa = PBXFileReference; lastKnownFileType = sourcecode.swift; path = AppDelegate.swift; sourceTree = "<group>"; };
		0A26FC5228CA5B1400C43495 /* SceneDelegate.swift */ = {isa = PBXFileReference; lastKnownFileType = sourcecode.swift; path = SceneDelegate.swift; sourceTree = "<group>"; };
		0A26FC5428CA5B1400C43495 /* ViewController.swift */ = {isa = PBXFileReference; lastKnownFileType = sourcecode.swift; path = ViewController.swift; sourceTree = "<group>"; };
		0A26FC5728CA5B1400C43495 /* Base */ = {isa = PBXFileReference; lastKnownFileType = file.storyboard; name = Base; path = Base.lproj/Main.storyboard; sourceTree = "<group>"; };
		0A26FC5928CA5B1500C43495 /* Assets.xcassets */ = {isa = PBXFileReference; lastKnownFileType = folder.assetcatalog; path = Assets.xcassets; sourceTree = "<group>"; };
		0A26FC5C28CA5B1500C43495 /* Base */ = {isa = PBXFileReference; lastKnownFileType = file.storyboard; name = Base; path = Base.lproj/LaunchScreen.storyboard; sourceTree = "<group>"; };
		0A26FC5E28CA5B1500C43495 /* Info.plist */ = {isa = PBXFileReference; lastKnownFileType = text.plist.xml; path = Info.plist; sourceTree = "<group>"; };
		0A26FC6428CA5DCD00C43495 /* KisiHucreTableViewCell.swift */ = {isa = PBXFileReference; lastKnownFileType = sourcecode.swift; path = KisiHucreTableViewCell.swift; sourceTree = "<group>"; };
		0A43732828D0DDF100130AFD /* KisiEkleViewController.swift */ = {isa = PBXFileReference; lastKnownFileType = sourcecode.swift; path = KisiEkleViewController.swift; sourceTree = "<group>"; };
		0A43732A28D0DE2000130AFD /* KisiGuncelleViewController.swift */ = {isa = PBXFileReference; lastKnownFileType = sourcecode.swift; path = KisiGuncelleViewController.swift; sourceTree = "<group>"; };
		0A43732C28D0DEA300130AFD /* KisiDetayViewController.swift */ = {isa = PBXFileReference; lastKnownFileType = sourcecode.swift; path = KisiDetayViewController.swift; sourceTree = "<group>"; };
/* End PBXFileReference section */

/* Begin PBXFrameworksBuildPhase section */
		0A26FC4A28CA5B1400C43495 /* Frameworks */ = {
			isa = PBXFrameworksBuildPhase;
			buildActionMask = 2147483647;
			files = (
			);
			runOnlyForDeploymentPostprocessing = 0;
		};
/* End PBXFrameworksBuildPhase section */

/* Begin PBXGroup section */
		0A26FC4428CA5B1400C43495 = {
			isa = PBXGroup;
			children = (
				0A26FC4F28CA5B1400C43495 /* Kisiler Uygulama */,
				0A26FC4E28CA5B1400C43495 /* Products */,
			);
			sourceTree = "<group>";
		};
		0A26FC4E28CA5B1400C43495 /* Products */ = {
			isa = PBXGroup;
			children = (
				0A26FC4D28CA5B1400C43495 /* Kisiler Uygulama.app */,
			);
			name = Products;
			sourceTree = "<group>";
		};
		0A26FC4F28CA5B1400C43495 /* Kisiler Uygulama */ = {
			isa = PBXGroup;
			children = (
				0A26FC5028CA5B1400C43495 /* AppDelegate.swift */,
				0A26FC5228CA5B1400C43495 /* SceneDelegate.swift */,
				0A26FC5428CA5B1400C43495 /* ViewController.swift */,
				0A26FC5628CA5B1400C43495 /* Main.storyboard */,
				0A26FC5928CA5B1500C43495 /* Assets.xcassets */,
				0A26FC5B28CA5B1500C43495 /* LaunchScreen.storyboard */,
				0A26FC5E28CA5B1500C43495 /* Info.plist */,
				0A26FC6428CA5DCD00C43495 /* KisiHucreTableViewCell.swift */,
				0A43732828D0DDF100130AFD /* KisiEkleViewController.swift */,
				0A43732A28D0DE2000130AFD /* KisiGuncelleViewController.swift */,
				0A43732C28D0DEA300130AFD /* KisiDetayViewController.swift */,
			);
			path = "Kisiler Uygulama";
			sourceTree = "<group>";
		};
/* End PBXGroup section */

/* Begin PBXNativeTarget section */
		0A26FC4C28CA5B1400C43495 /* Kisiler Uygulama */ = {
			isa = PBXNativeTarget;
			buildConfigurationList = 0A26FC6128CA5B1500C43495 /* Build configuration list for PBXNativeTarget "Kisiler Uygulama" */;
			buildPhases = (
				0A26FC4928CA5B1400C43495 /* Sources */,
				0A26FC4A28CA5B1400C43495 /* Frameworks */,
				0A26FC4B28CA5B1400C43495 /* Resources */,
			);
			buildRules = (
			);
			dependencies = (
			);
			name = "Kisiler Uygulama";
			productName = "Kisiler Uygulama";
			productReference = 0A26FC4D28CA5B1400C43495 /* Kisiler Uygulama.app */;
			productType = "com.apple.product-type.application";
		};
/* End PBXNativeTarget section */

/* Begin PBXProject section */
		0A26FC4528CA5B1400C43495 /* Project object */ = {
			isa = PBXProject;
			attributes = {
				BuildIndependentTargetsInParallel = 1;
				LastSwiftUpdateCheck = 1340;
				LastUpgradeCheck = 1340;
				TargetAttributes = {
					0A26FC4C28CA5B1400C43495 = {
						CreatedOnToolsVersion = 13.4.1;
					};
				};
			};
			buildConfigurationList = 0A26FC4828CA5B1400C43495 /* Build configuration list for PBXProject "Kisiler Uygulama" */;
			compatibilityVersion = "Xcode 13.0";
			developmentRegion = en;
			hasScannedForEncodings = 0;
			knownRegions = (
				en,
				Base,
			);
			mainGroup = 0A26FC4428CA5B1400C43495;
			productRefGroup = 0A26FC4E28CA5B1400C43495 /* Products */;
			projectDirPath = "";
			projectRoot = "";
			targets = (
				0A26FC4C28CA5B1400C43495 /* Kisiler Uygulama */,
			);
		};
/* End PBXProject section */

/* Begin PBXResourcesBuildPhase section */
		0A26FC4B28CA5B1400C43495 /* Resources */ = {
			isa = PBXResourcesBuildPhase;
			buildActionMask = 2147483647;
			files = (
				0A26FC5D28CA5B1500C43495 /* LaunchScreen.storyboard in Resources */,
				0A26FC5A28CA5B1500C43495 /* Assets.xcassets in Resources */,
				0A26FC5828CA5B1400C43495 /* Main.storyboard in Resources */,
			);
			runOnlyForDeploymentPostprocessing = 0;
		};
/* End PBXResourcesBuildPhase section */

/* Begin PBXSourcesBuildPhase section */
		0A26FC4928CA5B1400C43495 /* Sources */ = {
			isa = PBXSourcesBuildPhase;
			buildActionMask = 2147483647;
			files = (
				0A26FC5528CA5B1400C43495 /* ViewController.swift in Sources */,
				0A26FC6528CA5DCD00C43495 /* KisiHucreTableViewCell.swift in Sources */,
				0A26FC5128CA5B1400C43495 /* AppDelegate.swift in Sources */,
				0A43732D28D0DEA300130AFD /* KisiDetayViewController.swift in Sources */,
				0A26FC5328CA5B1400C43495 /* SceneDelegate.swift in Sources */,
				0A43732B28D0DE2000130AFD /* KisiGuncelleViewController.swift in Sources */,
				0A43732928D0DDF200130AFD /* KisiEkleViewController.swift in Sources */,
			);
			runOnlyForDeploymentPostprocessing = 0;
		};
/* End PBXSourcesBuildPhase section */

/* Begin PBXVariantGroup section */
		0A26FC5628CA5B1400C43495 /* Main.storyboard */ = {
			isa = PBXVariantGroup;
			children = (
				0A26FC5728CA5B1400C43495 /* Base */,
			);
			name = Main.storyboard;
			sourceTree = "<group>";
		};
		0A26FC5B28CA5B1500C43495 /* LaunchScreen.storyboard */ = {
			isa = PBXVariantGroup;
			children = (
				0A26FC5C28CA5B1500C43495 /* Base */,
			);
			name = LaunchScreen.storyboard;
			sourceTree = "<group>";
		};
/* End PBXVariantGroup section */

/* Begin XCBuildConfiguration section */
		0A26FC5F28CA5B1500C43495 /* Debug */ = {
			isa = XCBuildConfiguration;
			buildSettings = {
				ALWAYS_SEARCH_USER_PATHS = NO;
				CLANG_ANALYZER_NONNULL = YES;
				CLANG_ANALYZER_NUMBER_OBJECT_CONVERSION = YES_AGGRESSIVE;
				CLANG_CXX_LANGUAGE_STANDARD = "gnu++17";
				CLANG_ENABLE_MODULES = YES;
				CLANG_ENABLE_OBJC_ARC = YES;
				CLANG_ENABLE_OBJC_WEAK = YES;
				CLANG_WARN_BLOCK_CAPTURE_AUTORELEASING = YES;
				CLANG_WARN_BOOL_CONVERSION = YES;
				CLANG_WARN_COMMA = YES;
				CLANG_WARN_CONSTANT_CONVERSION = YES;
				CLANG_WARN_DEPRECATED_OBJC_IMPLEMENTATIONS = YES;
				CLANG_WARN_DIRECT_OBJC_ISA_USAGE = YES_ERROR;
				CLANG_WARN_DOCUMENTATION_COMMENTS = YES;
				CLANG_WARN_EMPTY_BODY = YES;
				CLANG_WARN_ENUM_CONVERSION = YES;
				CLANG_WARN_INFINITE_RECURSION = YES;
				CLANG_WARN_INT_CONVERSION = YES;
				CLANG_WARN_NON_LITERAL_NULL_CONVERSION = YES;
				CLANG_WARN_OBJC_IMPLICIT_RETAIN_SELF = YES;
				CLANG_WARN_OBJC_LITERAL_CONVERSION = YES;
				CLANG_WARN_OBJC_ROOT_CLASS = YES_ERROR;
				CLANG_WARN_QUOTED_INCLUDE_IN_FRAMEWORK_HEADER = YES;
				CLANG_WARN_RANGE_LOOP_ANALYSIS = YES;
				CLANG_WARN_STRICT_PROTOTYPES = YES;
				CLANG_WARN_SUSPICIOUS_MOVE = YES;
				CLANG_WARN_UNGUARDED_AVAILABILITY = YES_AGGRESSIVE;
				CLANG_WARN_UNREACHABLE_CODE = YES;
				CLANG_WARN__DUPLICATE_METHOD_MATCH = YES;
				COPY_PHASE_STRIP = NO;
				DEBUG_INFORMATION_FORMAT = dwarf;
				ENABLE_STRICT_OBJC_MSGSEND = YES;
				ENABLE_TESTABILITY = YES;
				GCC_C_LANGUAGE_STANDARD = gnu11;
				GCC_DYNAMIC_NO_PIC = NO;
				GCC_NO_COMMON_BLOCKS = YES;
				GCC_OPTIMIZATION_LEVEL = 0;
				GCC_PREPROCESSOR_DEFINITIONS = (
					"DEBUG=1",
					"$(inherited)",
				);
				GCC_WARN_64_TO_32_BIT_CONVERSION = YES;
				GCC_WARN_ABOUT_RETURN_TYPE = YES_ERROR;
				GCC_WARN_UNDECLARED_SELECTOR = YES;
				GCC_WARN_UNINITIALIZED_AUTOS = YES_AGGRESSIVE;
				GCC_WARN_UNUSED_FUNCTION = YES;
				GCC_WARN_UNUSED_VARIABLE = YES;
				IPHONEOS_DEPLOYMENT_TARGET = 15.5;
				MTL_ENABLE_DEBUG_INFO = INCLUDE_SOURCE;
				MTL_FAST_MATH = YES;
				ONLY_ACTIVE_ARCH = YES;
				SDKROOT = iphoneos;
				SWIFT_ACTIVE_COMPILATION_CONDITIONS = DEBUG;
				SWIFT_OPTIMIZATION_LEVEL = "-Onone";
			};
			name = Debug;
		};
		0A26FC6028CA5B1500C43495 /* Release */ = {
			isa = XCBuildConfiguration;
			buildSettings = {
				ALWAYS_SEARCH_USER_PATHS = NO;
				CLANG_ANALYZER_NONNULL = YES;
				CLANG_ANALYZER_NUMBER_OBJECT_CONVERSION = YES_AGGRESSIVE;
				CLANG_CXX_LANGUAGE_STANDARD = "gnu++17";
				CLANG_ENABLE_MODULES = YES;
				CLANG_ENABLE_OBJC_ARC = YES;
				CLANG_ENABLE_OBJC_WEAK = YES;
				CLANG_WARN_BLOCK_CAPTURE_AUTORELEASING = YES;
				CLANG_WARN_BOOL_CONVERSION = YES;
				CLANG_WARN_COMMA = YES;
				CLANG_WARN_CONSTANT_CONVERSION = YES;
				CLANG_WARN_DEPRECATED_OBJC_IMPLEMENTATIONS = YES;
				CLANG_WARN_DIRECT_OBJC_ISA_USAGE = YES_ERROR;
				CLANG_WARN_DOCUMENTATION_COMMENTS = YES;
				CLANG_WARN_EMPTY_BODY = YES;
				CLANG_WARN_ENUM_CONVERSION = YES;
				CLANG_WARN_INFINITE_RECURSION = YES;
				CLANG_WARN_INT_CONVERSION = YES;
				CLANG_WARN_NON_LITERAL_NULL_CONVERSION = YES;
				CLANG_WARN_OBJC_IMPLICIT_RETAIN_SELF = YES;
				CLANG_WARN_OBJC_LITERAL_CONVERSION = YES;
				CLANG_WARN_OBJC_ROOT_CLASS = YES_ERROR;
				CLANG_WARN_QUOTED_INCLUDE_IN_FRAMEWORK_HEADER = YES;
				CLANG_WARN_RANGE_LOOP_ANALYSIS = YES;
				CLANG_WARN_STRICT_PROTOTYPES = YES;
				CLANG_WARN_SUSPICIOUS_MOVE = YES;
				CLANG_WARN_UNGUARDED_AVAILABILITY = YES_AGGRESSIVE;
				CLANG_WARN_UNREACHABLE_CODE = YES;
				CLANG_WARN__DUPLICATE_METHOD_MATCH = YES;
				COPY_PHASE_STRIP = NO;
				DEBUG_INFORMATION_FORMAT = "dwarf-with-dsym";
				ENABLE_NS_ASSERTIONS = NO;
				ENABLE_STRICT_OBJC_MSGSEND = YES;
				GCC_C_LANGUAGE_STANDARD = gnu11;
				GCC_NO_COMMON_BLOCKS = YES;
				GCC_WARN_64_TO_32_BIT_CONVERSION = YES;
				GCC_WARN_ABOUT_RETURN_TYPE = YES_ERROR;
				GCC_WARN_UNDECLARED_SELECTOR = YES;
				GCC_WARN_UNINITIALIZED_AUTOS = YES_AGGRESSIVE;
				GCC_WARN_UNUSED_FUNCTION = YES;
				GCC_WARN_UNUSED_VARIABLE = YES;
				IPHONEOS_DEPLOYMENT_TARGET = 15.5;
				MTL_ENABLE_DEBUG_INFO = NO;
				MTL_FAST_MATH = YES;
				SDKROOT = iphoneos;
				SWIFT_COMPILATION_MODE = wholemodule;
				SWIFT_OPTIMIZATION_LEVEL = "-O";
				VALIDATE_PRODUCT = YES;
			};
			name = Release;
		};
		0A26FC6228CA5B1500C43495 /* Debug */ = {
			isa = XCBuildConfiguration;
			buildSettings = {
				ASSETCATALOG_COMPILER_APPICON_NAME = AppIcon;
				ASSETCATALOG_COMPILER_GLOBAL_ACCENT_COLOR_NAME = AccentColor;
				CODE_SIGN_STYLE = Automatic;
				CURRENT_PROJECT_VERSION = 1;
				DEVELOPMENT_TEAM = A84V645XXM;
				GENERATE_INFOPLIST_FILE = YES;
				INFOPLIST_FILE = "Kisiler Uygulama/Info.plist";
				INFOPLIST_KEY_UIApplicationSupportsIndirectInputEvents = YES;
				INFOPLIST_KEY_UILaunchStoryboardName = LaunchScreen;
				INFOPLIST_KEY_UIMainStoryboardFile = Main;
				INFOPLIST_KEY_UISupportedInterfaceOrientations_iPad = "UIInterfaceOrientationPortrait UIInterfaceOrientationPortraitUpsideDown UIInterfaceOrientationLandscapeLeft UIInterfaceOrientationLandscapeRight";
				INFOPLIST_KEY_UISupportedInterfaceOrientations_iPhone = "UIInterfaceOrientationPortrait UIInterfaceOrientationLandscapeLeft UIInterfaceOrientationLandscapeRight";
				LD_RUNPATH_SEARCH_PATHS = (
					"$(inherited)",
					"@executable_path/Frameworks",
				);
				MARKETING_VERSION = 1.0;
				PRODUCT_BUNDLE_IDENTIFIER = "com.100DaysOfSwift.Kisiler-Uygulama";
				PRODUCT_NAME = "$(TARGET_NAME)";
				SWIFT_EMIT_LOC_STRINGS = YES;
				SWIFT_VERSION = 5.0;
				TARGETED_DEVICE_FAMILY = "1,2";
			};
			name = Debug;
		};
		0A26FC6328CA5B1500C43495 /* Release */ = {
			isa = XCBuildConfiguration;
			buildSettings = {
				ASSETCATALOG_COMPILER_APPICON_NAME = AppIcon;
				ASSETCATALOG_COMPILER_GLOBAL_ACCENT_COLOR_NAME = AccentColor;
				CODE_SIGN_STYLE = Automatic;
				CURRENT_PROJECT_VERSION = 1;
				DEVELOPMENT_TEAM = A84V645XXM;
				GENERATE_INFOPLIST_FILE = YES;
				INFOPLIST_FILE = "Kisiler Uygulama/Info.plist";
				INFOPLIST_KEY_UIApplicationSupportsIndirectInputEvents = YES;
				INFOPLIST_KEY_UILaunchStoryboardName = LaunchScreen;
				INFOPLIST_KEY_UIMainStoryboardFile = Main;
				INFOPLIST_KEY_UISupportedInterfaceOrientations_iPad = "UIInterfaceOrientationPortrait UIInterfaceOrientationPortraitUpsideDown UIInterfaceOrientationLandscapeLeft UIInterfaceOrientationLandscapeRight";
				INFOPLIST_KEY_UISupportedInterfaceOrientations_iPhone = "UIInterfaceOrientationPortrait UIInterfaceOrientationLandscapeLeft UIInterfaceOrientationLandscapeRight";
				LD_RUNPATH_SEARCH_PATHS = (
					"$(inherited)",
					"@executable_path/Frameworks",
				);
				MARKETING_VERSION = 1.0;
				PRODUCT_BUNDLE_IDENTIFIER = "com.100DaysOfSwift.Kisiler-Uygulama";
				PRODUCT_NAME = "$(TARGET_NAME)";
				SWIFT_EMIT_LOC_STRINGS = YES;
				SWIFT_VERSION = 5.0;
				TARGETED_DEVICE_FAMILY = "1,2";
			};
			name = Release;
		};
/* End XCBuildConfiguration section */

/* Begin XCConfigurationList section */
		0A26FC4828CA5B1400C43495 /* Build configuration list for PBXProject "Kisiler Uygulama" */ = {
			isa = XCConfigurationList;
			buildConfigurations = (
				0A26FC5F28CA5B1500C43495 /* Debug */,
				0A26FC6028CA5B1500C43495 /* Release */,
			);
			defaultConfigurationIsVisible = 0;
			defaultConfigurationName = Release;
		};
		0A26FC6128CA5B1500C43495 /* Build configuration list for PBXNativeTarget "Kisiler Uygulama" */ = {
			isa = XCConfigurationList;
			buildConfigurations = (
				0A26FC6228CA5B1500C43495 /* Debug */,
				0A26FC6328CA5B1500C43495 /* Release */,
			);
			defaultConfigurationIsVisible = 0;
			defaultConfigurationName = Release;
		};
/* End XCConfigurationList section */
	};
	rootObject = 0A26FC4528CA5B1400C43495 /* Project object */;
}
